
Microsoft Visual Studio Solution File, Format Version 12.00
# Visual Studio 15
VisualStudioVersion = 15.0.28010.2050
MinimumVisualStudioVersion = 10.0.40219.1
Project("{FAE04EC0-301F-11D3-BF4B-00C04F79EFBC}") = "WebFormsNoAuth", "WebFormsNoAuth\WebFormsNoAuth.csproj", "{5F33F68C-AC27-4785-A864-2A10F81E3839}"
EndProject
Global
	GlobalSection(SolutionConfigurationPlatforms) = preSolution
		Debug|Any CPU = Debug|Any CPU
		Release|Any CPU = Release|Any CPU
	EndGlobalSection
	GlobalSection(ProjectConfigurationPlatforms) = postSolution
		{5F33F68C-AC27-4785-A864-2A10F81E3839}.Debug|Any CPU.ActiveCfg = Debug|Any CPU
		{5F33F68C-AC27-4785-A864-2A10F81E3839}.Debug|Any CPU.Build.0 = Debug|Any CPU
		{5F33F68C-AC27-4785-A864-2A10F81E3839}.Release|Any CPU.ActiveCfg = Release|Any CPU
		{5F33F68C-AC27-4785-A864-2A10F81E3839}.Release|Any CPU.Build.0 = Release|Any CPU
	EndGlobalSection
	GlobalSection(SolutionProperties) = preSolution
		HideSolutionNode = FALSE
	EndGlobalSection
	GlobalSection(ExtensibilityGlobals) = postSolution
		SolutionGuid = {99AA991B-07A0-47EA-8693-7EB88C744287}
	EndGlobalSection
EndGlobal
